
Microsoft Visual Studio Solution File, Format Version 10.00
# Visual Studio 2008
Project("{8BC9CEB8-8B4A-11D0-8D11-00A0C91BC942}") = "ExtentionSystem", "ExtentionSystem\ExtentionSystem.vcproj", "{E6D6D914-B292-4CCE-8F80-2BBD138B658D}"
EndProject
Project("{8BC9CEB8-8B4A-11D0-8D11-00A0C91BC942}") = "Main", "Main\Main.vcproj", "{B411994D-88EA-4FE5-94D1-3E9C03C9CC81}"
	ProjectSection(ProjectDependencies) = postProject
		{E6D6D914-B292-4CCE-8F80-2BBD138B658D} = {E6D6D914-B292-4CCE-8F80-2BBD138B658D}
	EndProjectSection
EndProject
Project("{8BC9CEB8-8B4A-11D0-8D11-00A0C91BC942}") = "PluginExample", "PluginExample\PluginExample.vcproj", "{370E2338-916B-481C-8FF1-5B851381F8C4}"
	ProjectSection(ProjectDependencies) = postProject
		{E6D6D914-B292-4CCE-8F80-2BBD138B658D} = {E6D6D914-B292-4CCE-8F80-2BBD138B658D}
	EndProjectSection
EndProject
Project("{8BC9CEB8-8B4A-11D0-8D11-00A0C91BC942}") = "ActionPlugin", "ActionPlugin\ActionPlugin.vcproj", "{7AFB3721-778D-48C9-84E1-671BB758FDD4}"
	ProjectSection(ProjectDependencies) = postProject
		{E6D6D914-B292-4CCE-8F80-2BBD138B658D} = {E6D6D914-B292-4CCE-8F80-2BBD138B658D}
	EndProjectSection
EndProject
Project("{8BC9CEB8-8B4A-11D0-8D11-00A0C91BC942}") = "SerializationPlugin", "SerializationPlugin\SerializationPlugin.vcproj", "{400DF8F2-07A7-4AC3-AD12-69EF0A8C21B9}"
	ProjectSection(ProjectDependencies) = postProject
		{E6D6D914-B292-4CCE-8F80-2BBD138B658D} = {E6D6D914-B292-4CCE-8F80-2BBD138B658D}
	EndProjectSection
EndProject
Global
	GlobalSection(SolutionConfigurationPlatforms) = preSolution
		Debug|Win32 = Debug|Win32
		Release|Win32 = Release|Win32
	EndGlobalSection
	GlobalSection(ProjectConfigurationPlatforms) = postSolution
		{E6D6D914-B292-4CCE-8F80-2BBD138B658D}.Debug|Win32.ActiveCfg = Debug|Win32
		{E6D6D914-B292-4CCE-8F80-2BBD138B658D}.Debug|Win32.Build.0 = Debug|Win32
		{E6D6D914-B292-4CCE-8F80-2BBD138B658D}.Release|Win32.ActiveCfg = Release|Win32
		{E6D6D914-B292-4CCE-8F80-2BBD138B658D}.Release|Win32.Build.0 = Release|Win32
		{B411994D-88EA-4FE5-94D1-3E9C03C9CC81}.Debug|Win32.ActiveCfg = Debug|Win32
		{B411994D-88EA-4FE5-94D1-3E9C03C9CC81}.Debug|Win32.Build.0 = Debug|Win32
		{B411994D-88EA-4FE5-94D1-3E9C03C9CC81}.Release|Win32.ActiveCfg = Release|Win32
		{B411994D-88EA-4FE5-94D1-3E9C03C9CC81}.Release|Win32.Build.0 = Release|Win32
		{370E2338-916B-481C-8FF1-5B851381F8C4}.Debug|Win32.ActiveCfg = Debug|Win32
		{370E2338-916B-481C-8FF1-5B851381F8C4}.Debug|Win32.Build.0 = Debug|Win32
		{370E2338-916B-481C-8FF1-5B851381F8C4}.Release|Win32.ActiveCfg = Release|Win32
		{370E2338-916B-481C-8FF1-5B851381F8C4}.Release|Win32.Build.0 = Release|Win32
		{7AFB3721-778D-48C9-84E1-671BB758FDD4}.Debug|Win32.ActiveCfg = Debug|Win32
		{7AFB3721-778D-48C9-84E1-671BB758FDD4}.Debug|Win32.Build.0 = Debug|Win32
		{7AFB3721-778D-48C9-84E1-671BB758FDD4}.Release|Win32.ActiveCfg = Release|Win32
		{7AFB3721-778D-48C9-84E1-671BB758FDD4}.Release|Win32.Build.0 = Release|Win32
		{400DF8F2-07A7-4AC3-AD12-69EF0A8C21B9}.Debug|Win32.ActiveCfg = Debug|Win32
		{400DF8F2-07A7-4AC3-AD12-69EF0A8C21B9}.Debug|Win32.Build.0 = Debug|Win32
		{400DF8F2-07A7-4AC3-AD12-69EF0A8C21B9}.Release|Win32.ActiveCfg = Release|Win32
		{400DF8F2-07A7-4AC3-AD12-69EF0A8C21B9}.Release|Win32.Build.0 = Release|Win32
	EndGlobalSection
	GlobalSection(SolutionProperties) = preSolution
		HideSolutionNode = FALSE
	EndGlobalSection
EndGlobal
